
Microsoft Visual Studio Solution File, Format Version 12.00
# Visual Studio 15
VisualStudioVersion = 15.0.27703.2026
MinimumVisualStudioVersion = 10.0.40219.1
Project("{9A19103F-16F7-4668-BE54-9A1E7A4F7556}") = "MerendaIFCE.WebApp", "MerendaIFCE.WebApp\MerendaIFCE.WebApp.csproj", "{11FAE5D9-A3DD-49D5-BA09-8A1B93B16C28}"
EndProject
Project("{FAE04EC0-301F-11D3-BF4B-00C04F79EFBC}") = "MerendaIFCE.Sync.LocalApp", "MerendaIFCE.Sync.LocalApp\MerendaIFCE.Sync.LocalApp.csproj", "{93E4004A-F82D-4DE0-A5B4-3E5913133046}"
EndProject
Project("{FAE04EC0-301F-11D3-BF4B-00C04F79EFBC}") = "MerendaIFCE.Sync", "MerendaIFCE.Sync\MerendaIFCE.Sync.csproj", "{9D332105-832A-4986-9F41-AFB86CFF94FB}"
EndProject
Global
	GlobalSection(SolutionConfigurationPlatforms) = preSolution
		Debug|Any CPU = Debug|Any CPU
		Release|Any CPU = Release|Any CPU
	EndGlobalSection
	GlobalSection(ProjectConfigurationPlatforms) = postSolution
		{11FAE5D9-A3DD-49D5-BA09-8A1B93B16C28}.Debug|Any CPU.ActiveCfg = Debug|Any CPU
		{11FAE5D9-A3DD-49D5-BA09-8A1B93B16C28}.Debug|Any CPU.Build.0 = Debug|Any CPU
		{11FAE5D9-A3DD-49D5-BA09-8A1B93B16C28}.Release|Any CPU.ActiveCfg = Release|Any CPU
		{11FAE5D9-A3DD-49D5-BA09-8A1B93B16C28}.Release|Any CPU.Build.0 = Release|Any CPU
		{93E4004A-F82D-4DE0-A5B4-3E5913133046}.Debug|Any CPU.ActiveCfg = Debug|Any CPU
		{93E4004A-F82D-4DE0-A5B4-3E5913133046}.Debug|Any CPU.Build.0 = Debug|Any CPU
		{93E4004A-F82D-4DE0-A5B4-3E5913133046}.Release|Any CPU.ActiveCfg = Release|Any CPU
		{93E4004A-F82D-4DE0-A5B4-3E5913133046}.Release|Any CPU.Build.0 = Release|Any CPU
		{9D332105-832A-4986-9F41-AFB86CFF94FB}.Debug|Any CPU.ActiveCfg = Debug|Any CPU
		{9D332105-832A-4986-9F41-AFB86CFF94FB}.Debug|Any CPU.Build.0 = Debug|Any CPU
		{9D332105-832A-4986-9F41-AFB86CFF94FB}.Release|Any CPU.ActiveCfg = Release|Any CPU
		{9D332105-832A-4986-9F41-AFB86CFF94FB}.Release|Any CPU.Build.0 = Release|Any CPU
	EndGlobalSection
	GlobalSection(SolutionProperties) = preSolution
		HideSolutionNode = FALSE
	EndGlobalSection
	GlobalSection(ExtensibilityGlobals) = postSolution
		SolutionGuid = {E63F4FB4-49AF-4DEC-BBE7-463CDF38B40F}
	EndGlobalSection
EndGlobal
