
Microsoft Visual Studio Solution File, Format Version 12.00
# Visual Studio 15
VisualStudioVersion = 15.0.27703.2026
MinimumVisualStudioVersion = 10.0.40219.1
Project("{9A19103F-16F7-4668-BE54-9A1E7A4F7556}") = "MerendaIFCE.WebApp", "MerendaIFCE.WebApp\MerendaIFCE.WebApp.csproj", "{11FAE5D9-A3DD-49D5-BA09-8A1B93B16C28}"
EndProject
Project("{FAE04EC0-301F-11D3-BF4B-00C04F79EFBC}") = "MerendaIFCE.Sync.LocalApp", "MerendaIFCE.Sync.LocalApp\MerendaIFCE.Sync.LocalApp.csproj", "{93E4004A-F82D-4DE0-A5B4-3E5913133046}"
EndProject
Project("{9A19103F-16F7-4668-BE54-9A1E7A4F7556}") = "MerendaIFCE.Sync", "MerendaIFCE.Sync\MerendaIFCE.Sync.csproj", "{9D332105-832A-4986-9F41-AFB86CFF94FB}"
EndProject
Project("{FAE04EC0-301F-11D3-BF4B-00C04F79EFBC}") = "MerendaIFCE.UserApp.Android", "MerendaIFCE.UserApp\MerendaIFCE.UserApp.Android\MerendaIFCE.UserApp.Android.csproj", "{C1A56CD7-61B1-41F4-85D8-378B1EEFF60A}"
EndProject
Project("{FAE04EC0-301F-11D3-BF4B-00C04F79EFBC}") = "MerendaIFCE.UserApp.iOS", "MerendaIFCE.UserApp\MerendaIFCE.UserApp.iOS\MerendaIFCE.UserApp.iOS.csproj", "{8E3BDF60-8C31-490E-9E0D-95322FD0AB69}"
EndProject
Project("{FAE04EC0-301F-11D3-BF4B-00C04F79EFBC}") = "MerendaIFCE.UserApp.UWP", "MerendaIFCE.UserApp\MerendaIFCE.UserApp.UWP\MerendaIFCE.UserApp.UWP.csproj", "{76D2F07C-1E7A-47A7-B133-208655C24F17}"
EndProject
Project("{9A19103F-16F7-4668-BE54-9A1E7A4F7556}") = "MerendaIFCE.UserApp", "MerendaIFCE.UserApp\MerendaIFCE.UserApp\MerendaIFCE.UserApp.csproj", "{DAC28834-016B-484A-9DC6-CC72FD3E7D52}"
EndProject
Global
	GlobalSection(SolutionConfigurationPlatforms) = preSolution
		Debug|Any CPU = Debug|Any CPU
		Debug|ARM = Debug|ARM
		Debug|iPhone = Debug|iPhone
		Debug|iPhoneSimulator = Debug|iPhoneSimulator
		Debug|x64 = Debug|x64
		Debug|x86 = Debug|x86
		Release|Any CPU = Release|Any CPU
		Release|ARM = Release|ARM
		Release|iPhone = Release|iPhone
		Release|iPhoneSimulator = Release|iPhoneSimulator
		Release|x64 = Release|x64
		Release|x86 = Release|x86
	EndGlobalSection
	GlobalSection(ProjectConfigurationPlatforms) = postSolution
		{11FAE5D9-A3DD-49D5-BA09-8A1B93B16C28}.Debug|Any CPU.ActiveCfg = Debug|Any CPU
		{11FAE5D9-A3DD-49D5-BA09-8A1B93B16C28}.Debug|Any CPU.Build.0 = Debug|Any CPU
		{11FAE5D9-A3DD-49D5-BA09-8A1B93B16C28}.Debug|ARM.ActiveCfg = Debug|Any CPU
		{11FAE5D9-A3DD-49D5-BA09-8A1B93B16C28}.Debug|ARM.Build.0 = Debug|Any CPU
		{11FAE5D9-A3DD-49D5-BA09-8A1B93B16C28}.Debug|iPhone.ActiveCfg = Debug|Any CPU
		{11FAE5D9-A3DD-49D5-BA09-8A1B93B16C28}.Debug|iPhone.Build.0 = Debug|Any CPU
		{11FAE5D9-A3DD-49D5-BA09-8A1B93B16C28}.Debug|iPhoneSimulator.ActiveCfg = Debug|Any CPU
		{11FAE5D9-A3DD-49D5-BA09-8A1B93B16C28}.Debug|iPhoneSimulator.Build.0 = Debug|Any CPU
		{11FAE5D9-A3DD-49D5-BA09-8A1B93B16C28}.Debug|x64.ActiveCfg = Debug|Any CPU
		{11FAE5D9-A3DD-49D5-BA09-8A1B93B16C28}.Debug|x64.Build.0 = Debug|Any CPU
		{11FAE5D9-A3DD-49D5-BA09-8A1B93B16C28}.Debug|x86.ActiveCfg = Debug|Any CPU
		{11FAE5D9-A3DD-49D5-BA09-8A1B93B16C28}.Debug|x86.Build.0 = Debug|Any CPU
		{11FAE5D9-A3DD-49D5-BA09-8A1B93B16C28}.Release|Any CPU.ActiveCfg = Release|Any CPU
		{11FAE5D9-A3DD-49D5-BA09-8A1B93B16C28}.Release|Any CPU.Build.0 = Release|Any CPU
		{11FAE5D9-A3DD-49D5-BA09-8A1B93B16C28}.Release|ARM.ActiveCfg = Release|Any CPU
		{11FAE5D9-A3DD-49D5-BA09-8A1B93B16C28}.Release|ARM.Build.0 = Release|Any CPU
		{11FAE5D9-A3DD-49D5-BA09-8A1B93B16C28}.Release|iPhone.ActiveCfg = Release|Any CPU
		{11FAE5D9-A3DD-49D5-BA09-8A1B93B16C28}.Release|iPhone.Build.0 = Release|Any CPU
		{11FAE5D9-A3DD-49D5-BA09-8A1B93B16C28}.Release|iPhoneSimulator.ActiveCfg = Release|Any CPU
		{11FAE5D9-A3DD-49D5-BA09-8A1B93B16C28}.Release|iPhoneSimulator.Build.0 = Release|Any CPU
		{11FAE5D9-A3DD-49D5-BA09-8A1B93B16C28}.Release|x64.ActiveCfg = Release|Any CPU
		{11FAE5D9-A3DD-49D5-BA09-8A1B93B16C28}.Release|x64.Build.0 = Release|Any CPU
		{11FAE5D9-A3DD-49D5-BA09-8A1B93B16C28}.Release|x86.ActiveCfg = Release|Any CPU
		{11FAE5D9-A3DD-49D5-BA09-8A1B93B16C28}.Release|x86.Build.0 = Release|Any CPU
		{93E4004A-F82D-4DE0-A5B4-3E5913133046}.Debug|Any CPU.ActiveCfg = Debug|Any CPU
		{93E4004A-F82D-4DE0-A5B4-3E5913133046}.Debug|Any CPU.Build.0 = Debug|Any CPU
		{93E4004A-F82D-4DE0-A5B4-3E5913133046}.Debug|ARM.ActiveCfg = Debug|Any CPU
		{93E4004A-F82D-4DE0-A5B4-3E5913133046}.Debug|ARM.Build.0 = Debug|Any CPU
		{93E4004A-F82D-4DE0-A5B4-3E5913133046}.Debug|iPhone.ActiveCfg = Debug|Any CPU
		{93E4004A-F82D-4DE0-A5B4-3E5913133046}.Debug|iPhone.Build.0 = Debug|Any CPU
		{93E4004A-F82D-4DE0-A5B4-3E5913133046}.Debug|iPhoneSimulator.ActiveCfg = Debug|Any CPU
		{93E4004A-F82D-4DE0-A5B4-3E5913133046}.Debug|iPhoneSimulator.Build.0 = Debug|Any CPU
		{93E4004A-F82D-4DE0-A5B4-3E5913133046}.Debug|x64.ActiveCfg = Debug|Any CPU
		{93E4004A-F82D-4DE0-A5B4-3E5913133046}.Debug|x64.Build.0 = Debug|Any CPU
		{93E4004A-F82D-4DE0-A5B4-3E5913133046}.Debug|x86.ActiveCfg = Debug|Any CPU
		{93E4004A-F82D-4DE0-A5B4-3E5913133046}.Debug|x86.Build.0 = Debug|Any CPU
		{93E4004A-F82D-4DE0-A5B4-3E5913133046}.Release|Any CPU.ActiveCfg = Release|Any CPU
		{93E4004A-F82D-4DE0-A5B4-3E5913133046}.Release|Any CPU.Build.0 = Release|Any CPU
		{93E4004A-F82D-4DE0-A5B4-3E5913133046}.Release|ARM.ActiveCfg = Release|Any CPU
		{93E4004A-F82D-4DE0-A5B4-3E5913133046}.Release|ARM.Build.0 = Release|Any CPU
		{93E4004A-F82D-4DE0-A5B4-3E5913133046}.Release|iPhone.ActiveCfg = Release|Any CPU
		{93E4004A-F82D-4DE0-A5B4-3E5913133046}.Release|iPhone.Build.0 = Release|Any CPU
		{93E4004A-F82D-4DE0-A5B4-3E5913133046}.Release|iPhoneSimulator.ActiveCfg = Release|Any CPU
		{93E4004A-F82D-4DE0-A5B4-3E5913133046}.Release|iPhoneSimulator.Build.0 = Release|Any CPU
		{93E4004A-F82D-4DE0-A5B4-3E5913133046}.Release|x64.ActiveCfg = Release|Any CPU
		{93E4004A-F82D-4DE0-A5B4-3E5913133046}.Release|x64.Build.0 = Release|Any CPU
		{93E4004A-F82D-4DE0-A5B4-3E5913133046}.Release|x86.ActiveCfg = Release|Any CPU
		{93E4004A-F82D-4DE0-A5B4-3E5913133046}.Release|x86.Build.0 = Release|Any CPU
		{9D332105-832A-4986-9F41-AFB86CFF94FB}.Debug|Any CPU.ActiveCfg = Debug|Any CPU
		{9D332105-832A-4986-9F41-AFB86CFF94FB}.Debug|Any CPU.Build.0 = Debug|Any CPU
		{9D332105-832A-4986-9F41-AFB86CFF94FB}.Debug|ARM.ActiveCfg = Debug|Any CPU
		{9D332105-832A-4986-9F41-AFB86CFF94FB}.Debug|ARM.Build.0 = Debug|Any CPU
		{9D332105-832A-4986-9F41-AFB86CFF94FB}.Debug|iPhone.ActiveCfg = Debug|Any CPU
		{9D332105-832A-4986-9F41-AFB86CFF94FB}.Debug|iPhone.Build.0 = Debug|Any CPU
		{9D332105-832A-4986-9F41-AFB86CFF94FB}.Debug|iPhoneSimulator.ActiveCfg = Debug|Any CPU
		{9D332105-832A-4986-9F41-AFB86CFF94FB}.Debug|iPhoneSimulator.Build.0 = Debug|Any CPU
		{9D332105-832A-4986-9F41-AFB86CFF94FB}.Debug|x64.ActiveCfg = Debug|Any CPU
		{9D332105-832A-4986-9F41-AFB86CFF94FB}.Debug|x64.Build.0 = Debug|Any CPU
		{9D332105-832A-4986-9F41-AFB86CFF94FB}.Debug|x86.ActiveCfg = Debug|Any CPU
		{9D332105-832A-4986-9F41-AFB86CFF94FB}.Debug|x86.Build.0 = Debug|Any CPU
		{9D332105-832A-4986-9F41-AFB86CFF94FB}.Release|Any CPU.ActiveCfg = Release|Any CPU
		{9D332105-832A-4986-9F41-AFB86CFF94FB}.Release|Any CPU.Build.0 = Release|Any CPU
		{9D332105-832A-4986-9F41-AFB86CFF94FB}.Release|ARM.ActiveCfg = Release|Any CPU
		{9D332105-832A-4986-9F41-AFB86CFF94FB}.Release|ARM.Build.0 = Release|Any CPU
		{9D332105-832A-4986-9F41-AFB86CFF94FB}.Release|iPhone.ActiveCfg = Release|Any CPU
		{9D332105-832A-4986-9F41-AFB86CFF94FB}.Release|iPhone.Build.0 = Release|Any CPU
		{9D332105-832A-4986-9F41-AFB86CFF94FB}.Release|iPhoneSimulator.ActiveCfg = Release|Any CPU
		{9D332105-832A-4986-9F41-AFB86CFF94FB}.Release|iPhoneSimulator.Build.0 = Release|Any CPU
		{9D332105-832A-4986-9F41-AFB86CFF94FB}.Release|x64.ActiveCfg = Release|Any CPU
		{9D332105-832A-4986-9F41-AFB86CFF94FB}.Release|x64.Build.0 = Release|Any CPU
		{9D332105-832A-4986-9F41-AFB86CFF94FB}.Release|x86.ActiveCfg = Release|Any CPU
		{9D332105-832A-4986-9F41-AFB86CFF94FB}.Release|x86.Build.0 = Release|Any CPU
		{C1A56CD7-61B1-41F4-85D8-378B1EEFF60A}.Debug|Any CPU.ActiveCfg = Debug|Any CPU
		{C1A56CD7-61B1-41F4-85D8-378B1EEFF60A}.Debug|Any CPU.Build.0 = Debug|Any CPU
		{C1A56CD7-61B1-41F4-85D8-378B1EEFF60A}.Debug|Any CPU.Deploy.0 = Debug|Any CPU
		{C1A56CD7-61B1-41F4-85D8-378B1EEFF60A}.Debug|ARM.ActiveCfg = Debug|Any CPU
		{C1A56CD7-61B1-41F4-85D8-378B1EEFF60A}.Debug|ARM.Build.0 = Debug|Any CPU
		{C1A56CD7-61B1-41F4-85D8-378B1EEFF60A}.Debug|ARM.Deploy.0 = Debug|Any CPU
		{C1A56CD7-61B1-41F4-85D8-378B1EEFF60A}.Debug|iPhone.ActiveCfg = Debug|Any CPU
		{C1A56CD7-61B1-41F4-85D8-378B1EEFF60A}.Debug|iPhone.Build.0 = Debug|Any CPU
		{C1A56CD7-61B1-41F4-85D8-378B1EEFF60A}.Debug|iPhone.Deploy.0 = Debug|Any CPU
		{C1A56CD7-61B1-41F4-85D8-378B1EEFF60A}.Debug|iPhoneSimulator.ActiveCfg = Debug|Any CPU
		{C1A56CD7-61B1-41F4-85D8-378B1EEFF60A}.Debug|iPhoneSimulator.Build.0 = Debug|Any CPU
		{C1A56CD7-61B1-41F4-85D8-378B1EEFF60A}.Debug|iPhoneSimulator.Deploy.0 = Debug|Any CPU
		{C1A56CD7-61B1-41F4-85D8-378B1EEFF60A}.Debug|x64.ActiveCfg = Debug|Any CPU
		{C1A56CD7-61B1-41F4-85D8-378B1EEFF60A}.Debug|x64.Build.0 = Debug|Any CPU
		{C1A56CD7-61B1-41F4-85D8-378B1EEFF60A}.Debug|x64.Deploy.0 = Debug|Any CPU
		{C1A56CD7-61B1-41F4-85D8-378B1EEFF60A}.Debug|x86.ActiveCfg = Debug|Any CPU
		{C1A56CD7-61B1-41F4-85D8-378B1EEFF60A}.Debug|x86.Build.0 = Debug|Any CPU
		{C1A56CD7-61B1-41F4-85D8-378B1EEFF60A}.Debug|x86.Deploy.0 = Debug|Any CPU
		{C1A56CD7-61B1-41F4-85D8-378B1EEFF60A}.Release|Any CPU.ActiveCfg = Release|Any CPU
		{C1A56CD7-61B1-41F4-85D8-378B1EEFF60A}.Release|Any CPU.Build.0 = Release|Any CPU
		{C1A56CD7-61B1-41F4-85D8-378B1EEFF60A}.Release|Any CPU.Deploy.0 = Release|Any CPU
		{C1A56CD7-61B1-41F4-85D8-378B1EEFF60A}.Release|ARM.ActiveCfg = Release|Any CPU
		{C1A56CD7-61B1-41F4-85D8-378B1EEFF60A}.Release|ARM.Build.0 = Release|Any CPU
		{C1A56CD7-61B1-41F4-85D8-378B1EEFF60A}.Release|ARM.Deploy.0 = Release|Any CPU
		{C1A56CD7-61B1-41F4-85D8-378B1EEFF60A}.Release|iPhone.ActiveCfg = Release|Any CPU
		{C1A56CD7-61B1-41F4-85D8-378B1EEFF60A}.Release|iPhone.Build.0 = Release|Any CPU
		{C1A56CD7-61B1-41F4-85D8-378B1EEFF60A}.Release|iPhone.Deploy.0 = Release|Any CPU
		{C1A56CD7-61B1-41F4-85D8-378B1EEFF60A}.Release|iPhoneSimulator.ActiveCfg = Release|Any CPU
		{C1A56CD7-61B1-41F4-85D8-378B1EEFF60A}.Release|iPhoneSimulator.Build.0 = Release|Any CPU
		{C1A56CD7-61B1-41F4-85D8-378B1EEFF60A}.Release|iPhoneSimulator.Deploy.0 = Release|Any CPU
		{C1A56CD7-61B1-41F4-85D8-378B1EEFF60A}.Release|x64.ActiveCfg = Release|Any CPU
		{C1A56CD7-61B1-41F4-85D8-378B1EEFF60A}.Release|x64.Build.0 = Release|Any CPU
		{C1A56CD7-61B1-41F4-85D8-378B1EEFF60A}.Release|x64.Deploy.0 = Release|Any CPU
		{C1A56CD7-61B1-41F4-85D8-378B1EEFF60A}.Release|x86.ActiveCfg = Release|Any CPU
		{C1A56CD7-61B1-41F4-85D8-378B1EEFF60A}.Release|x86.Build.0 = Release|Any CPU
		{C1A56CD7-61B1-41F4-85D8-378B1EEFF60A}.Release|x86.Deploy.0 = Release|Any CPU
		{8E3BDF60-8C31-490E-9E0D-95322FD0AB69}.Debug|Any CPU.ActiveCfg = Debug|iPhone
		{8E3BDF60-8C31-490E-9E0D-95322FD0AB69}.Debug|ARM.ActiveCfg = Debug|iPhone
		{8E3BDF60-8C31-490E-9E0D-95322FD0AB69}.Debug|iPhone.ActiveCfg = Debug|iPhone
		{8E3BDF60-8C31-490E-9E0D-95322FD0AB69}.Debug|iPhone.Build.0 = Debug|iPhone
		{8E3BDF60-8C31-490E-9E0D-95322FD0AB69}.Debug|iPhoneSimulator.ActiveCfg = Debug|iPhoneSimulator
		{8E3BDF60-8C31-490E-9E0D-95322FD0AB69}.Debug|iPhoneSimulator.Build.0 = Debug|iPhoneSimulator
		{8E3BDF60-8C31-490E-9E0D-95322FD0AB69}.Debug|x64.ActiveCfg = Debug|iPhone
		{8E3BDF60-8C31-490E-9E0D-95322FD0AB69}.Debug|x86.ActiveCfg = Debug|iPhone
		{8E3BDF60-8C31-490E-9E0D-95322FD0AB69}.Release|Any CPU.ActiveCfg = Release|iPhone
		{8E3BDF60-8C31-490E-9E0D-95322FD0AB69}.Release|ARM.ActiveCfg = Release|iPhone
		{8E3BDF60-8C31-490E-9E0D-95322FD0AB69}.Release|iPhone.ActiveCfg = Release|iPhone
		{8E3BDF60-8C31-490E-9E0D-95322FD0AB69}.Release|iPhone.Build.0 = Release|iPhone
		{8E3BDF60-8C31-490E-9E0D-95322FD0AB69}.Release|iPhoneSimulator.ActiveCfg = Release|iPhoneSimulator
		{8E3BDF60-8C31-490E-9E0D-95322FD0AB69}.Release|iPhoneSimulator.Build.0 = Release|iPhoneSimulator
		{8E3BDF60-8C31-490E-9E0D-95322FD0AB69}.Release|x64.ActiveCfg = Release|iPhone
		{8E3BDF60-8C31-490E-9E0D-95322FD0AB69}.Release|x86.ActiveCfg = Release|iPhone
		{76D2F07C-1E7A-47A7-B133-208655C24F17}.Debug|Any CPU.ActiveCfg = Debug|x86
		{76D2F07C-1E7A-47A7-B133-208655C24F17}.Debug|ARM.ActiveCfg = Debug|ARM
		{76D2F07C-1E7A-47A7-B133-208655C24F17}.Debug|ARM.Build.0 = Debug|ARM
		{76D2F07C-1E7A-47A7-B133-208655C24F17}.Debug|ARM.Deploy.0 = Debug|ARM
		{76D2F07C-1E7A-47A7-B133-208655C24F17}.Debug|iPhone.ActiveCfg = Debug|x86
		{76D2F07C-1E7A-47A7-B133-208655C24F17}.Debug|iPhoneSimulator.ActiveCfg = Debug|x86
		{76D2F07C-1E7A-47A7-B133-208655C24F17}.Debug|x64.ActiveCfg = Debug|x64
		{76D2F07C-1E7A-47A7-B133-208655C24F17}.Debug|x64.Build.0 = Debug|x64
		{76D2F07C-1E7A-47A7-B133-208655C24F17}.Debug|x64.Deploy.0 = Debug|x64
		{76D2F07C-1E7A-47A7-B133-208655C24F17}.Debug|x86.ActiveCfg = Debug|x86
		{76D2F07C-1E7A-47A7-B133-208655C24F17}.Debug|x86.Build.0 = Debug|x86
		{76D2F07C-1E7A-47A7-B133-208655C24F17}.Debug|x86.Deploy.0 = Debug|x86
		{76D2F07C-1E7A-47A7-B133-208655C24F17}.Release|Any CPU.ActiveCfg = Release|x86
		{76D2F07C-1E7A-47A7-B133-208655C24F17}.Release|ARM.ActiveCfg = Release|ARM
		{76D2F07C-1E7A-47A7-B133-208655C24F17}.Release|ARM.Build.0 = Release|ARM
		{76D2F07C-1E7A-47A7-B133-208655C24F17}.Release|ARM.Deploy.0 = Release|ARM
		{76D2F07C-1E7A-47A7-B133-208655C24F17}.Release|iPhone.ActiveCfg = Release|x86
		{76D2F07C-1E7A-47A7-B133-208655C24F17}.Release|iPhoneSimulator.ActiveCfg = Release|x86
		{76D2F07C-1E7A-47A7-B133-208655C24F17}.Release|x64.ActiveCfg = Release|x64
		{76D2F07C-1E7A-47A7-B133-208655C24F17}.Release|x64.Build.0 = Release|x64
		{76D2F07C-1E7A-47A7-B133-208655C24F17}.Release|x64.Deploy.0 = Release|x64
		{76D2F07C-1E7A-47A7-B133-208655C24F17}.Release|x86.ActiveCfg = Release|x86
		{76D2F07C-1E7A-47A7-B133-208655C24F17}.Release|x86.Build.0 = Release|x86
		{76D2F07C-1E7A-47A7-B133-208655C24F17}.Release|x86.Deploy.0 = Release|x86
		{DAC28834-016B-484A-9DC6-CC72FD3E7D52}.Debug|Any CPU.ActiveCfg = Debug|Any CPU
		{DAC28834-016B-484A-9DC6-CC72FD3E7D52}.Debug|Any CPU.Build.0 = Debug|Any CPU
		{DAC28834-016B-484A-9DC6-CC72FD3E7D52}.Debug|ARM.ActiveCfg = Debug|Any CPU
		{DAC28834-016B-484A-9DC6-CC72FD3E7D52}.Debug|ARM.Build.0 = Debug|Any CPU
		{DAC28834-016B-484A-9DC6-CC72FD3E7D52}.Debug|iPhone.ActiveCfg = Debug|Any CPU
		{DAC28834-016B-484A-9DC6-CC72FD3E7D52}.Debug|iPhone.Build.0 = Debug|Any CPU
		{DAC28834-016B-484A-9DC6-CC72FD3E7D52}.Debug|iPhoneSimulator.ActiveCfg = Debug|Any CPU
		{DAC28834-016B-484A-9DC6-CC72FD3E7D52}.Debug|iPhoneSimulator.Build.0 = Debug|Any CPU
		{DAC28834-016B-484A-9DC6-CC72FD3E7D52}.Debug|x64.ActiveCfg = Debug|Any CPU
		{DAC28834-016B-484A-9DC6-CC72FD3E7D52}.Debug|x64.Build.0 = Debug|Any CPU
		{DAC28834-016B-484A-9DC6-CC72FD3E7D52}.Debug|x86.ActiveCfg = Debug|Any CPU
		{DAC28834-016B-484A-9DC6-CC72FD3E7D52}.Debug|x86.Build.0 = Debug|Any CPU
		{DAC28834-016B-484A-9DC6-CC72FD3E7D52}.Release|Any CPU.ActiveCfg = Release|Any CPU
		{DAC28834-016B-484A-9DC6-CC72FD3E7D52}.Release|Any CPU.Build.0 = Release|Any CPU
		{DAC28834-016B-484A-9DC6-CC72FD3E7D52}.Release|ARM.ActiveCfg = Release|Any CPU
		{DAC28834-016B-484A-9DC6-CC72FD3E7D52}.Release|ARM.Build.0 = Release|Any CPU
		{DAC28834-016B-484A-9DC6-CC72FD3E7D52}.Release|iPhone.ActiveCfg = Release|Any CPU
		{DAC28834-016B-484A-9DC6-CC72FD3E7D52}.Release|iPhone.Build.0 = Release|Any CPU
		{DAC28834-016B-484A-9DC6-CC72FD3E7D52}.Release|iPhoneSimulator.ActiveCfg = Release|Any CPU
		{DAC28834-016B-484A-9DC6-CC72FD3E7D52}.Release|iPhoneSimulator.Build.0 = Release|Any CPU
		{DAC28834-016B-484A-9DC6-CC72FD3E7D52}.Release|x64.ActiveCfg = Release|Any CPU
		{DAC28834-016B-484A-9DC6-CC72FD3E7D52}.Release|x64.Build.0 = Release|Any CPU
		{DAC28834-016B-484A-9DC6-CC72FD3E7D52}.Release|x86.ActiveCfg = Release|Any CPU
		{DAC28834-016B-484A-9DC6-CC72FD3E7D52}.Release|x86.Build.0 = Release|Any CPU
	EndGlobalSection
	GlobalSection(SolutionProperties) = preSolution
		HideSolutionNode = FALSE
	EndGlobalSection
	GlobalSection(ExtensibilityGlobals) = postSolution
		SolutionGuid = {E63F4FB4-49AF-4DEC-BBE7-463CDF38B40F}
	EndGlobalSection
EndGlobal
